
Microsoft Visual Studio Solution File, Format Version 12.00
# Visual Studio Version 16
VisualStudioVersion = 16.0.30621.155
MinimumVisualStudioVersion = 10.0.40219.1
Project("{FAE04EC0-301F-11D3-BF4B-00C04F79EFBC}") = "Business", "Business\Business.csproj", "{01A492E8-4E4E-4792-941C-8B5A6F1023D7}"
EndProject
Project("{FAE04EC0-301F-11D3-BF4B-00C04F79EFBC}") = "DataAccess", "DataAccess\DataAccess.csproj", "{FAD638C6-E430-400B-8E20-F934C6E75FBC}"
EndProject
Project("{FAE04EC0-301F-11D3-BF4B-00C04F79EFBC}") = "Presentation", "Presentation\Presentation.csproj", "{D2758958-C693-4BC0-94C3-A03872D52497}"
EndProject
Project("{54435603-DBB4-11D2-8724-00A0C9A8B90C}") = "SFE", "SFE\SFE.vdproj", "{8054D3FE-1A57-40D4-8AC4-29723891886B}"
EndProject
Global
	GlobalSection(SolutionConfigurationPlatforms) = preSolution
		Debug|Any CPU = Debug|Any CPU
		Release|Any CPU = Release|Any CPU
	EndGlobalSection
	GlobalSection(ProjectConfigurationPlatforms) = postSolution
		{01A492E8-4E4E-4792-941C-8B5A6F1023D7}.Debug|Any CPU.ActiveCfg = Debug|Any CPU
		{01A492E8-4E4E-4792-941C-8B5A6F1023D7}.Debug|Any CPU.Build.0 = Debug|Any CPU
		{01A492E8-4E4E-4792-941C-8B5A6F1023D7}.Release|Any CPU.ActiveCfg = Release|Any CPU
		{01A492E8-4E4E-4792-941C-8B5A6F1023D7}.Release|Any CPU.Build.0 = Release|Any CPU
		{FAD638C6-E430-400B-8E20-F934C6E75FBC}.Debug|Any CPU.ActiveCfg = Debug|Any CPU
		{FAD638C6-E430-400B-8E20-F934C6E75FBC}.Debug|Any CPU.Build.0 = Debug|Any CPU
		{FAD638C6-E430-400B-8E20-F934C6E75FBC}.Release|Any CPU.ActiveCfg = Release|Any CPU
		{FAD638C6-E430-400B-8E20-F934C6E75FBC}.Release|Any CPU.Build.0 = Release|Any CPU
		{D2758958-C693-4BC0-94C3-A03872D52497}.Debug|Any CPU.ActiveCfg = Debug|Any CPU
		{D2758958-C693-4BC0-94C3-A03872D52497}.Debug|Any CPU.Build.0 = Debug|Any CPU
		{D2758958-C693-4BC0-94C3-A03872D52497}.Release|Any CPU.ActiveCfg = Release|Any CPU
		{D2758958-C693-4BC0-94C3-A03872D52497}.Release|Any CPU.Build.0 = Release|Any CPU
		{8054D3FE-1A57-40D4-8AC4-29723891886B}.Debug|Any CPU.ActiveCfg = Debug
		{8054D3FE-1A57-40D4-8AC4-29723891886B}.Release|Any CPU.ActiveCfg = Release
	EndGlobalSection
	GlobalSection(SolutionProperties) = preSolution
		HideSolutionNode = FALSE
	EndGlobalSection
	GlobalSection(ExtensibilityGlobals) = postSolution
		SolutionGuid = {6AF791A8-65C3-45EF-ADAE-E25DE4FEAEC2}
	EndGlobalSection
EndGlobal
